
Microsoft Visual Studio Solution File, Format Version 12.00
# Visual Studio Version 17
VisualStudioVersion = 17.11.35327.3
MinimumVisualStudioVersion = 10.0.40219.1
Project("{9A19103F-16F7-4668-BE54-9A1E7A4F7556}") = "Products", "Products.csproj", "{31F67911-DE76-4A9B-982D-BCFC89D512AA}"
EndProject
Global
	GlobalSection(SolutionConfigurationPlatforms) = preSolution
		Debug|Any CPU = Debug|Any CPU
		Release|Any CPU = Release|Any CPU
	EndGlobalSection
	GlobalSection(ProjectConfigurationPlatforms) = postSolution
		{31F67911-DE76-4A9B-982D-BCFC89D512AA}.Debug|Any CPU.ActiveCfg = Debug|Any CPU
		{31F67911-DE76-4A9B-982D-BCFC89D512AA}.Debug|Any CPU.Build.0 = Debug|Any CPU
		{31F67911-DE76-4A9B-982D-BCFC89D512AA}.Release|Any CPU.ActiveCfg = Release|Any CPU
		{31F67911-DE76-4A9B-982D-BCFC89D512AA}.Release|Any CPU.Build.0 = Release|Any CPU
	EndGlobalSection
	GlobalSection(SolutionProperties) = preSolution
		HideSolutionNode = FALSE
	EndGlobalSection
	GlobalSection(ExtensibilityGlobals) = postSolution
		SolutionGuid = {080FD64B-9BE2-48AC-B18E-1F893A51CE09}
	EndGlobalSection
EndGlobal
